// !$*UTF8*$!
{
	archiveVersion = 1;
	classes = {
	};
	objectVersion = 46;
	objects = {

/* Begin PBXBuildFile section */
		89804AA61AF1DB9F00787135 /* main.m in Sources */ = {isa = PBXBuildFile; fileRef = 89804AA51AF1DB9F00787135 /* main.m */; };
		89804AA91AF1DB9F00787135 /* AppDelegate.m in Sources */ = {isa = PBXBuildFile; fileRef = 89804AA81AF1DB9F00787135 /* AppDelegate.m */; };
		89804AAC1AF1DB9F00787135 /* ViewController.m in Sources */ = {isa = PBXBuildFile; fileRef = 89804AAB1AF1DB9F00787135 /* ViewController.m */; };
		89804AAF1AF1DB9F00787135 /* Main.storyboard in Resources */ = {isa = PBXBuildFile; fileRef = 89804AAD1AF1DB9F00787135 /* Main.storyboard */; };
		89804AB11AF1DB9F00787135 /* Images.xcassets in Resources */ = {isa = PBXBuildFile; fileRef = 89804AB01AF1DB9F00787135 /* Images.xcassets */; };
		89804AB41AF1DB9F00787135 /* LaunchScreen.xib in Resources */ = {isa = PBXBuildFile; fileRef = 89804AB21AF1DB9F00787135 /* LaunchScreen.xib */; };
		89804AC01AF1DB9F00787135 /* CorePPTVCTests.m in Sources */ = {isa = PBXBuildFile; fileRef = 89804ABF1AF1DB9F00787135 /* CorePPTVCTests.m */; };
/* End PBXBuildFile section */

/* Begin PBXContainerItemProxy section */
		89804ABA1AF1DB9F00787135 /* PBXContainerItemProxy */ = {
			isa = PBXContainerItemProxy;
			containerPortal = 89804A981AF1DB9F00787135 /* Project object */;
			proxyType = 1;
			remoteGlobalIDString = 89804A9F1AF1DB9F00787135;
			remoteInfo = CorePPTVC;
		};
/* End PBXContainerItemProxy section */

/* Begin PBXFileReference section */
		89804AA01AF1DB9F00787135 /* CorePPTVC.app */ = {isa = PBXFileReference; explicitFileType = wrapper.application; includeInIndex = 0; path = CorePPTVC.app; sourceTree = BUILT_PRODUCTS_DIR; };
		89804AA41AF1DB9F00787135 /* Info.plist */ = {isa = PBXFileReference; lastKnownFileType = text.plist.xml; path = Info.plist; sourceTree = "<group>"; };
		89804AA51AF1DB9F00787135 /* main.m */ = {isa = PBXFileReference; lastKnownFileType = sourcecode.c.objc; path = main.m; sourceTree = "<group>"; };
		89804AA71AF1DB9F00787135 /* AppDelegate.h */ = {isa = PBXFileReference; lastKnownFileType = sourcecode.c.h; path = AppDelegate.h; sourceTree = "<group>"; };
		89804AA81AF1DB9F00787135 /* AppDelegate.m */ = {isa = PBXFileReference; lastKnownFileType = sourcecode.c.objc; path = AppDelegate.m; sourceTree = "<group>"; };
		89804AAA1AF1DB9F00787135 /* ViewController.h */ = {isa = PBXFileReference; lastKnownFileType = sourcecode.c.h; path = ViewController.h; sourceTree = "<group>"; };
		89804AAB1AF1DB9F00787135 /* ViewController.m */ = {isa = PBXFileReference; lastKnownFileType = sourcecode.c.objc; path = ViewController.m; sourceTree = "<group>"; };
		89804AAE1AF1DB9F00787135 /* Base */ = {isa = PBXFileReference; lastKnownFileType = file.storyboard; name = Base; path = Base.lproj/Main.storyboard; sourceTree = "<group>"; };
		89804AB01AF1DB9F00787135 /* Images.xcassets */ = {isa = PBXFileReference; lastKnownFileType = folder.assetcatalog; path = Images.xcassets; sourceTree = "<group>"; };
		89804AB31AF1DB9F00787135 /* Base */ = {isa = PBXFileReference; lastKnownFileType = file.xib; name = Base; path = Base.lproj/LaunchScreen.xib; sourceTree = "<group>"; };
		89804AB91AF1DB9F00787135 /* CorePPTVCTests.xctest */ = {isa = PBXFileReference; explicitFileType = wrapper.cfbundle; includeInIndex = 0; path = CorePPTVCTests.xctest; sourceTree = BUILT_PRODUCTS_DIR; };
		89804ABE1AF1DB9F00787135 /* Info.plist */ = {isa = PBXFileReference; lastKnownFileType = text.plist.xml; path = Info.plist; sourceTree = "<group>"; };
		89804ABF1AF1DB9F00787135 /* CorePPTVCTests.m */ = {isa = PBXFileReference; lastKnownFileType = sourcecode.c.objc; path = CorePPTVCTests.m; sourceTree = "<group>"; };
/* End PBXFileReference section */

/* Begin PBXFrameworksBuildPhase section */
		89804A9D1AF1DB9F00787135 /* Frameworks */ = {
			isa = PBXFrameworksBuildPhase;
			buildActionMask = 2147483647;
			files = (
			);
			runOnlyForDeploymentPostprocessing = 0;
		};
		89804AB61AF1DB9F00787135 /* Frameworks */ = {
			isa = PBXFrameworksBuildPhase;
			buildActionMask = 2147483647;
			files = (
			);
			runOnlyForDeploymentPostprocessing = 0;
		};
/* End PBXFrameworksBuildPhase section */

/* Begin PBXGroup section */
		89804A971AF1DB9F00787135 = {
			isa = PBXGroup;
			children = (
				89804AA21AF1DB9F00787135 /* CorePPTVC */,
				89804ABC1AF1DB9F00787135 /* CorePPTVCTests */,
				89804AA11AF1DB9F00787135 /* Products */,
			);
			sourceTree = "<group>";
		};
		89804AA11AF1DB9F00787135 /* Products */ = {
			isa = PBXGroup;
			children = (
				89804AA01AF1DB9F00787135 /* CorePPTVC.app */,
				89804AB91AF1DB9F00787135 /* CorePPTVCTests.xctest */,
			);
			name = Products;
			sourceTree = "<group>";
		};
		89804AA21AF1DB9F00787135 /* CorePPTVC */ = {
			isa = PBXGroup;
			children = (
				89804AA71AF1DB9F00787135 /* AppDelegate.h */,
				89804AA81AF1DB9F00787135 /* AppDelegate.m */,
				89804AAA1AF1DB9F00787135 /* ViewController.h */,
				89804AAB1AF1DB9F00787135 /* ViewController.m */,
				89804AAD1AF1DB9F00787135 /* Main.storyboard */,
				89804AB01AF1DB9F00787135 /* Images.xcassets */,
				89804AB21AF1DB9F00787135 /* LaunchScreen.xib */,
				89804AA31AF1DB9F00787135 /* Supporting Files */,
			);
			path = CorePPTVC;
			sourceTree = "<group>";
		};
		89804AA31AF1DB9F00787135 /* Supporting Files */ = {
			isa = PBXGroup;
			children = (
				89804AA41AF1DB9F00787135 /* Info.plist */,
				89804AA51AF1DB9F00787135 /* main.m */,
			);
			name = "Supporting Files";
			sourceTree = "<group>";
		};
		89804ABC1AF1DB9F00787135 /* CorePPTVCTests */ = {
			isa = PBXGroup;
			children = (
				89804ABF1AF1DB9F00787135 /* CorePPTVCTests.m */,
				89804ABD1AF1DB9F00787135 /* Supporting Files */,
			);
			path = CorePPTVCTests;
			sourceTree = "<group>";
		};
		89804ABD1AF1DB9F00787135 /* Supporting Files */ = {
			isa = PBXGroup;
			children = (
				89804ABE1AF1DB9F00787135 /* Info.plist */,
			);
			name = "Supporting Files";
			sourceTree = "<group>";
		};
/* End PBXGroup section */

/* Begin PBXNativeTarget section */
		89804A9F1AF1DB9F00787135 /* CorePPTVC */ = {
			isa = PBXNativeTarget;
			buildConfigurationList = 89804AC31AF1DB9F00787135 /* Build configuration list for PBXNativeTarget "CorePPTVC" */;
			buildPhases = (
				89804A9C1AF1DB9F00787135 /* Sources */,
				89804A9D1AF1DB9F00787135 /* Frameworks */,
				89804A9E1AF1DB9F00787135 /* Resources */,
			);
			buildRules = (
			);
			dependencies = (
			);
			name = CorePPTVC;
			productName = CorePPTVC;
			productReference = 89804AA01AF1DB9F00787135 /* CorePPTVC.app */;
			productType = "com.apple.product-type.application";
		};
		89804AB81AF1DB9F00787135 /* CorePPTVCTests */ = {
			isa = PBXNativeTarget;
			buildConfigurationList = 89804AC61AF1DB9F00787135 /* Build configuration list for PBXNativeTarget "CorePPTVCTests" */;
			buildPhases = (
				89804AB51AF1DB9F00787135 /* Sources */,
				89804AB61AF1DB9F00787135 /* Frameworks */,
				89804AB71AF1DB9F00787135 /* Resources */,
			);
			buildRules = (
			);
			dependencies = (
				89804ABB1AF1DB9F00787135 /* PBXTargetDependency */,
			);
			name = CorePPTVCTests;
			productName = CorePPTVCTests;
			productReference = 89804AB91AF1DB9F00787135 /* CorePPTVCTests.xctest */;
			productType = "com.apple.product-type.bundle.unit-test";
		};
/* End PBXNativeTarget section */

/* Begin PBXProject section */
		89804A981AF1DB9F00787135 /* Project object */ = {
			isa = PBXProject;
			attributes = {
				LastUpgradeCheck = 0630;
				ORGANIZATIONNAME = "冯成林";
				TargetAttributes = {
					89804A9F1AF1DB9F00787135 = {
						CreatedOnToolsVersion = 6.3;
					};
					89804AB81AF1DB9F00787135 = {
						CreatedOnToolsVersion = 6.3;
						TestTargetID = 89804A9F1AF1DB9F00787135;
					};
				};
			};
			buildConfigurationList = 89804A9B1AF1DB9F00787135 /* Build configuration list for PBXProject "CorePPTVC" */;
			compatibilityVersion = "Xcode 3.2";
			developmentRegion = English;
			hasScannedForEncodings = 0;
			knownRegions = (
				en,
				Base,
			);
			mainGroup = 89804A971AF1DB9F00787135;
			productRefGroup = 89804AA11AF1DB9F00787135 /* Products */;
			projectDirPath = "";
			projectRoot = "";
			targets = (
				89804A9F1AF1DB9F00787135 /* CorePPTVC */,
				89804AB81AF1DB9F00787135 /* CorePPTVCTests */,
			);
		};
/* End PBXProject section */

/* Begin PBXResourcesBuildPhase section */
		89804A9E1AF1DB9F00787135 /* Resources */ = {
			isa = PBXResourcesBuildPhase;
			buildActionMask = 2147483647;
			files = (
				89804AAF1AF1DB9F00787135 /* Main.storyboard in Resources */,
				89804AB41AF1DB9F00787135 /* LaunchScreen.xib in Resources */,
				89804AB11AF1DB9F00787135 /* Images.xcassets in Resources */,
			);
			runOnlyForDeploymentPostprocessing = 0;
		};
		89804AB71AF1DB9F00787135 /* Resources */ = {
			isa = PBXResourcesBuildPhase;
			buildActionMask = 2147483647;
			files = (
			);
			runOnlyForDeploymentPostprocessing = 0;
		};
/* End PBXResourcesBuildPhase section */

/* Begin PBXSourcesBuildPhase section */
		89804A9C1AF1DB9F00787135 /* Sources */ = {
			isa = PBXSourcesBuildPhase;
			buildActionMask = 2147483647;
			files = (
				89804AAC1AF1DB9F00787135 /* ViewController.m in Sources */,
				89804AA91AF1DB9F00787135 /* AppDelegate.m in Sources */,
				89804AA61AF1DB9F00787135 /* main.m in Sources */,
			);
			runOnlyForDeploymentPostprocessing = 0;
		};
		89804AB51AF1DB9F00787135 /* Sources */ = {
			isa = PBXSourcesBuildPhase;
			buildActionMask = 2147483647;
			files = (
				89804AC01AF1DB9F00787135 /* CorePPTVCTests.m in Sources */,
			);
			runOnlyForDeploymentPostprocessing = 0;
		};
/* End PBXSourcesBuildPhase section */

/* Begin PBXTargetDependency section */
		89804ABB1AF1DB9F00787135 /* PBXTargetDependency */ = {
			isa = PBXTargetDependency;
			target = 89804A9F1AF1DB9F00787135 /* CorePPTVC */;
			targetProxy = 89804ABA1AF1DB9F00787135 /* PBXContainerItemProxy */;
		};
/* End PBXTargetDependency section */

/* Begin PBXVariantGroup section */
		89804AAD1AF1DB9F00787135 /* Main.storyboard */ = {
			isa = PBXVariantGroup;
			children = (
				89804AAE1AF1DB9F00787135 /* Base */,
			);
			name = Main.storyboard;
			sourceTree = "<group>";
		};
		89804AB21AF1DB9F00787135 /* LaunchScreen.xib */ = {
			isa = PBXVariantGroup;
			children = (
				89804AB31AF1DB9F00787135 /* Base */,
			);
			name = LaunchScreen.xib;
			sourceTree = "<group>";
		};
/* End PBXVariantGroup section */

/* Begin XCBuildConfiguration section */
		89804AC11AF1DB9F00787135 /* Debug */ = {
			isa = XCBuildConfiguration;
			buildSettings = {
				ALWAYS_SEARCH_USER_PATHS = NO;
				CLANG_CXX_LANGUAGE_STANDARD = "gnu++0x";
				CLANG_CXX_LIBRARY = "libc++";
				CLANG_ENABLE_MODULES = YES;
				CLANG_ENABLE_OBJC_ARC = YES;
				CLANG_WARN_BOOL_CONVERSION = YES;
				CLANG_WARN_CONSTANT_CONVERSION = YES;
				CLANG_WARN_DIRECT_OBJC_ISA_USAGE = YES_ERROR;
				CLANG_WARN_EMPTY_BODY = YES;
				CLANG_WARN_ENUM_CONVERSION = YES;
				CLANG_WARN_INT_CONVERSION = YES;
				CLANG_WARN_OBJC_ROOT_CLASS = YES_ERROR;
				CLANG_WARN_UNREACHABLE_CODE = YES;
				CLANG_WARN__DUPLICATE_METHOD_MATCH = YES;
				"CODE_SIGN_IDENTITY[sdk=iphoneos*]" = "iPhone Developer";
				COPY_PHASE_STRIP = NO;
				DEBUG_INFORMATION_FORMAT = "dwarf-with-dsym";
				ENABLE_STRICT_OBJC_MSGSEND = YES;
				GCC_C_LANGUAGE_STANDARD = gnu99;
				GCC_DYNAMIC_NO_PIC = NO;
				GCC_NO_COMMON_BLOCKS = YES;
				GCC_OPTIMIZATION_LEVEL = 0;
				GCC_PREPROCESSOR_DEFINITIONS = (
					"DEBUG=1",
					"$(inherited)",
				);
				GCC_SYMBOLS_PRIVATE_EXTERN = NO;
				GCC_WARN_64_TO_32_BIT_CONVERSION = YES;
				GCC_WARN_ABOUT_RETURN_TYPE = YES_ERROR;
				GCC_WARN_UNDECLARED_SELECTOR = YES;
				GCC_WARN_UNINITIALIZED_AUTOS = YES_AGGRESSIVE;
				GCC_WARN_UNUSED_FUNCTION = YES;
				GCC_WARN_UNUSED_VARIABLE = YES;
				IPHONEOS_DEPLOYMENT_TARGET = 8.3;
				MTL_ENABLE_DEBUG_INFO = YES;
				ONLY_ACTIVE_ARCH = YES;
				SDKROOT = iphoneos;
			};
			name = Debug;
		};
		89804AC21AF1DB9F00787135 /* Release */ = {
			isa = XCBuildConfiguration;
			buildSettings = {
				ALWAYS_SEARCH_USER_PATHS = NO;
				CLANG_CXX_LANGUAGE_STANDARD = "gnu++0x";
				CLANG_CXX_LIBRARY = "libc++";
				CLANG_ENABLE_MODULES = YES;
				CLANG_ENABLE_OBJC_ARC = YES;
				CLANG_WARN_BOOL_CONVERSION = YES;
				CLANG_WARN_CONSTANT_CONVERSION = YES;
				CLANG_WARN_DIRECT_OBJC_ISA_USAGE = YES_ERROR;
				CLANG_WARN_EMPTY_BODY = YES;
				CLANG_WARN_ENUM_CONVERSION = YES;
				CLANG_WARN_INT_CONVERSION = YES;
				CLANG_WARN_OBJC_ROOT_CLASS = YES_ERROR;
				CLANG_WARN_UNREACHABLE_CODE = YES;
				CLANG_WARN__DUPLICATE_METHOD_MATCH = YES;
				"CODE_SIGN_IDENTITY[sdk=iphoneos*]" = "iPhone Developer";
				COPY_PHASE_STRIP = NO;
				DEBUG_INFORMATION_FORMAT = "dwarf-with-dsym";
				ENABLE_NS_ASSERTIONS = NO;
				ENABLE_STRICT_OBJC_MSGSEND = YES;
				GCC_C_LANGUAGE_STANDARD = gnu99;
				GCC_NO_COMMON_BLOCKS = YES;
				GCC_WARN_64_TO_32_BIT_CONVERSION = YES;
				GCC_WARN_ABOUT_RETURN_TYPE = YES_ERROR;
				GCC_WARN_UNDECLARED_SELECTOR = YES;
				GCC_WARN_UNINITIALIZED_AUTOS = YES_AGGRESSIVE;
				GCC_WARN_UNUSED_FUNCTION = YES;
				GCC_WARN_UNUSED_VARIABLE = YES;
				IPHONEOS_DEPLOYMENT_TARGET = 8.3;
				MTL_ENABLE_DEBUG_INFO = NO;
				SDKROOT = iphoneos;
				VALIDATE_PRODUCT = YES;
			};
			name = Release;
		};
		89804AC41AF1DB9F00787135 /* Debug */ = {
			isa = XCBuildConfiguration;
			buildSettings = {
				ASSETCATALOG_COMPILER_APPICON_NAME = AppIcon;
				INFOPLIST_FILE = CorePPTVC/Info.plist;
				LD_RUNPATH_SEARCH_PATHS = "$(inherited) @executable_path/Frameworks";
				PRODUCT_NAME = "$(TARGET_NAME)";
			};
			name = Debug;
		};
		89804AC51AF1DB9F00787135 /* Release */ = {
			isa = XCBuildConfiguration;
			buildSettings = {
				ASSETCATALOG_COMPILER_APPICON_NAME = AppIcon;
				INFOPLIST_FILE = CorePPTVC/Info.plist;
				LD_RUNPATH_SEARCH_PATHS = "$(inherited) @executable_path/Frameworks";
				PRODUCT_NAME = "$(TARGET_NAME)";
			};
			name = Release;
		};
		89804AC71AF1DB9F00787135 /* Debug */ = {
			isa = XCBuildConfiguration;
			buildSettings = {
				BUNDLE_LOADER = "$(TEST_HOST)";
				FRAMEWORK_SEARCH_PATHS = (
					"$(SDKROOT)/Developer/Library/Frameworks",
					"$(inherited)",
				);
				GCC_PREPROCESSOR_DEFINITIONS = (
					"DEBUG=1",
					"$(inherited)",
				);
				INFOPLIST_FILE = CorePPTVCTests/Info.plist;
				LD_RUNPATH_SEARCH_PATHS = "$(inherited) @executable_path/Frameworks @loader_path/Frameworks";
				PRODUCT_NAME = "$(TARGET_NAME)";
				TEST_HOST = "$(BUILT_PRODUCTS_DIR)/CorePPTVC.app/CorePPTVC";
			};
			name = Debug;
		};
		89804AC81AF1DB9F00787135 /* Release */ = {
			isa = XCBuildConfiguration;
			buildSettings = {
				BUNDLE_LOADER = "$(TEST_HOST)";
				FRAMEWORK_SEARCH_PATHS = (
					"$(SDKROOT)/Developer/Library/Frameworks",
					"$(inherited)",
				);
				INFOPLIST_FILE = CorePPTVCTests/Info.plist;
				LD_RUNPATH_SEARCH_PATHS = "$(inherited) @executable_path/Frameworks @loader_path/Frameworks";
				PRODUCT_NAME = "$(TARGET_NAME)";
				TEST_HOST = "$(BUILT_PRODUCTS_DIR)/CorePPTVC.app/CorePPTVC";
			};
			name = Release;
		};
/* End XCBuildConfiguration section */

/* Begin XCConfigurationList section */
		89804A9B1AF1DB9F00787135 /* Build configuration list for PBXProject "CorePPTVC" */ = {
			isa = XCConfigurationList;
			buildConfigurations = (
				89804AC11AF1DB9F00787135 /* Debug */,
				89804AC21AF1DB9F00787135 /* Release */,
			);
			defaultConfigurationIsVisible = 0;
			defaultConfigurationName = Release;
		};
		89804AC31AF1DB9F00787135 /* Build configuration list for PBXNativeTarget "CorePPTVC" */ = {
			isa = XCConfigurationList;
			buildConfigurations = (
				89804AC41AF1DB9F00787135 /* Debug */,
				89804AC51AF1DB9F00787135 /* Release */,
			);
			defaultConfigurationIsVisible = 0;
		};
		89804AC61AF1DB9F00787135 /* Build configuration list for PBXNativeTarget "CorePPTVCTests" */ = {
			isa = XCConfigurationList;
			buildConfigurations = (
				89804AC71AF1DB9F00787135 /* Debug */,
				89804AC81AF1DB9F00787135 /* Release */,
			);
			defaultConfigurationIsVisible = 0;
		};
/* End XCConfigurationList section */
	};
	rootObject = 89804A981AF1DB9F00787135 /* Project object */;
}
